
Microsoft Visual Studio Solution File, Format Version 12.00
# Visual Studio Version 16
VisualStudioVersion = 16.0.30011.22
MinimumVisualStudioVersion = 10.0.40219.1
Project("{FAE04EC0-301F-11D3-BF4B-00C04F79EFBC}") = "BasicLesson5", "BasicLesson5\BasicLesson5.csproj", "{75457D21-64C5-4F84-9239-7B1F3BE475C2}"
EndProject
Global
	GlobalSection(SolutionConfigurationPlatforms) = preSolution
		Debug|Any CPU = Debug|Any CPU
		Release|Any CPU = Release|Any CPU
	EndGlobalSection
	GlobalSection(ProjectConfigurationPlatforms) = postSolution
		{75457D21-64C5-4F84-9239-7B1F3BE475C2}.Debug|Any CPU.ActiveCfg = Debug|Any CPU
		{75457D21-64C5-4F84-9239-7B1F3BE475C2}.Debug|Any CPU.Build.0 = Debug|Any CPU
		{75457D21-64C5-4F84-9239-7B1F3BE475C2}.Release|Any CPU.ActiveCfg = Release|Any CPU
		{75457D21-64C5-4F84-9239-7B1F3BE475C2}.Release|Any CPU.Build.0 = Release|Any CPU
	EndGlobalSection
	GlobalSection(SolutionProperties) = preSolution
		HideSolutionNode = FALSE
	EndGlobalSection
	GlobalSection(ExtensibilityGlobals) = postSolution
		SolutionGuid = {3BE117EC-4B60-42CE-815D-ECB183955B7C}
	EndGlobalSection
EndGlobal
