
Microsoft Visual Studio Solution File, Format Version 12.00
# Visual Studio Version 16
VisualStudioVersion = 16.0.30011.22
MinimumVisualStudioVersion = 10.0.40219.1
Project("{FAE04EC0-301F-11D3-BF4B-00C04F79EFBC}") = "BasicLesson4", "BasicLesson4\BasicLesson4.csproj", "{2E06DA45-4E48-424E-9CDF-0FBBA814AC60}"
EndProject
Global
	GlobalSection(SolutionConfigurationPlatforms) = preSolution
		Debug|Any CPU = Debug|Any CPU
		Release|Any CPU = Release|Any CPU
	EndGlobalSection
	GlobalSection(ProjectConfigurationPlatforms) = postSolution
		{2E06DA45-4E48-424E-9CDF-0FBBA814AC60}.Debug|Any CPU.ActiveCfg = Debug|Any CPU
		{2E06DA45-4E48-424E-9CDF-0FBBA814AC60}.Debug|Any CPU.Build.0 = Debug|Any CPU
		{2E06DA45-4E48-424E-9CDF-0FBBA814AC60}.Release|Any CPU.ActiveCfg = Release|Any CPU
		{2E06DA45-4E48-424E-9CDF-0FBBA814AC60}.Release|Any CPU.Build.0 = Release|Any CPU
	EndGlobalSection
	GlobalSection(SolutionProperties) = preSolution
		HideSolutionNode = FALSE
	EndGlobalSection
	GlobalSection(ExtensibilityGlobals) = postSolution
		SolutionGuid = {E6CD2E70-72ED-4D46-8ECD-FFE30D370ABD}
	EndGlobalSection
EndGlobal
