
Microsoft Visual Studio Solution File, Format Version 12.00
# Visual Studio Version 16
VisualStudioVersion = 16.0.30011.22
MinimumVisualStudioVersion = 10.0.40219.1
Project("{FAE04EC0-301F-11D3-BF4B-00C04F79EFBC}") = "BasicLseeon6", "BasicLseeon6\BasicLseeon6.csproj", "{BC3ADF5C-BEB6-4D77-895D-48DD1549B958}"
EndProject
Global
	GlobalSection(SolutionConfigurationPlatforms) = preSolution
		Debug|Any CPU = Debug|Any CPU
		Release|Any CPU = Release|Any CPU
	EndGlobalSection
	GlobalSection(ProjectConfigurationPlatforms) = postSolution
		{BC3ADF5C-BEB6-4D77-895D-48DD1549B958}.Debug|Any CPU.ActiveCfg = Debug|Any CPU
		{BC3ADF5C-BEB6-4D77-895D-48DD1549B958}.Debug|Any CPU.Build.0 = Debug|Any CPU
		{BC3ADF5C-BEB6-4D77-895D-48DD1549B958}.Release|Any CPU.ActiveCfg = Release|Any CPU
		{BC3ADF5C-BEB6-4D77-895D-48DD1549B958}.Release|Any CPU.Build.0 = Release|Any CPU
	EndGlobalSection
	GlobalSection(SolutionProperties) = preSolution
		HideSolutionNode = FALSE
	EndGlobalSection
	GlobalSection(ExtensibilityGlobals) = postSolution
		SolutionGuid = {1839BDDC-3231-4EB6-A048-129E70908E25}
	EndGlobalSection
EndGlobal
