
Microsoft Visual Studio Solution File, Format Version 12.00
# Visual Studio Version 16
VisualStudioVersion = 16.0.30011.22
MinimumVisualStudioVersion = 10.0.40219.1
Project("{FAE04EC0-301F-11D3-BF4B-00C04F79EFBC}") = "AFA0702", "AFA0702\AFA0702.csproj", "{83C5358C-61A5-47F2-BFDB-3C909E8C72B7}"
EndProject
Global
	GlobalSection(SolutionConfigurationPlatforms) = preSolution
		Debug|Any CPU = Debug|Any CPU
		Release|Any CPU = Release|Any CPU
	EndGlobalSection
	GlobalSection(ProjectConfigurationPlatforms) = postSolution
		{83C5358C-61A5-47F2-BFDB-3C909E8C72B7}.Debug|Any CPU.ActiveCfg = Debug|Any CPU
		{83C5358C-61A5-47F2-BFDB-3C909E8C72B7}.Debug|Any CPU.Build.0 = Debug|Any CPU
		{83C5358C-61A5-47F2-BFDB-3C909E8C72B7}.Release|Any CPU.ActiveCfg = Release|Any CPU
		{83C5358C-61A5-47F2-BFDB-3C909E8C72B7}.Release|Any CPU.Build.0 = Release|Any CPU
	EndGlobalSection
	GlobalSection(SolutionProperties) = preSolution
		HideSolutionNode = FALSE
	EndGlobalSection
	GlobalSection(ExtensibilityGlobals) = postSolution
		SolutionGuid = {C74CB31C-D72D-41EB-988B-646CF2D5CD9C}
	EndGlobalSection
EndGlobal
