
Microsoft Visual Studio Solution File, Format Version 12.00
# Visual Studio Version 16
VisualStudioVersion = 16.0.30011.22
MinimumVisualStudioVersion = 10.0.40219.1
Project("{FAE04EC0-301F-11D3-BF4B-00C04F79EFBC}") = "AFA18", "AFA18\AFA18.csproj", "{143CB944-F355-4BBD-92ED-2D0C530ABBBB}"
EndProject
Global
	GlobalSection(SolutionConfigurationPlatforms) = preSolution
		Debug|Any CPU = Debug|Any CPU
		Release|Any CPU = Release|Any CPU
	EndGlobalSection
	GlobalSection(ProjectConfigurationPlatforms) = postSolution
		{143CB944-F355-4BBD-92ED-2D0C530ABBBB}.Debug|Any CPU.ActiveCfg = Debug|Any CPU
		{143CB944-F355-4BBD-92ED-2D0C530ABBBB}.Debug|Any CPU.Build.0 = Debug|Any CPU
		{143CB944-F355-4BBD-92ED-2D0C530ABBBB}.Release|Any CPU.ActiveCfg = Release|Any CPU
		{143CB944-F355-4BBD-92ED-2D0C530ABBBB}.Release|Any CPU.Build.0 = Release|Any CPU
	EndGlobalSection
	GlobalSection(SolutionProperties) = preSolution
		HideSolutionNode = FALSE
	EndGlobalSection
	GlobalSection(ExtensibilityGlobals) = postSolution
		SolutionGuid = {49DB570D-D62C-4105-8690-B69637E07827}
	EndGlobalSection
EndGlobal
